
Microsoft Visual Studio Solution File, Format Version 12.00
Project("{2150E333-8FDC-42A3-9474-1A3956D46DE8}") = "src", "src", "{C9AEE285-D77A-452E-9B45-143E5470777E}"
EndProject
Project("{FAE04EC0-301F-11D3-BF4B-00C04F79EFBC}") = "Web", "src\Web\Web.csproj", "{C2C106F0-1C6A-402D-8820-5C0C88A7482A}"
EndProject
Global
	GlobalSection(SolutionConfigurationPlatforms) = preSolution
		Debug|Any CPU = Debug|Any CPU
		Release|Any CPU = Release|Any CPU
	EndGlobalSection
	GlobalSection(NestedProjects) = preSolution
		{C2C106F0-1C6A-402D-8820-5C0C88A7482A} = {C9AEE285-D77A-452E-9B45-143E5470777E}
	EndGlobalSection
	GlobalSection(ProjectConfigurationPlatforms) = postSolution
		{C2C106F0-1C6A-402D-8820-5C0C88A7482A}.Debug|Any CPU.ActiveCfg = Debug|Any CPU
		{C2C106F0-1C6A-402D-8820-5C0C88A7482A}.Debug|Any CPU.Build.0 = Debug|Any CPU
		{C2C106F0-1C6A-402D-8820-5C0C88A7482A}.Release|Any CPU.ActiveCfg = Release|Any CPU
		{C2C106F0-1C6A-402D-8820-5C0C88A7482A}.Release|Any CPU.Build.0 = Release|Any CPU
	EndGlobalSection
EndGlobal
